{
  "requires": true,
  "lockfileVersion": 1,
  "dependencies": {
    "@types/lodash": {
      "version": "4.14.171",
      "resolved": "https://registry.npmjs.org/@types/lodash/-/lodash-4.14.171.tgz",
      "integrity": "sha512-7eQ2xYLLI/LsicL2nejW9Wyko3lcpN6O/z0ZLHrEQsg280zIdCv1t/0m6UtBjUHokCGBQ3gYTbHzDkZ1xOBwwg=="
    },
    "@types/lodash.shuffle": {
      "version": "4.2.6",
      "resolved": "https://registry.npmjs.org/@types/lodash.shuffle/-/lodash.shuffle-4.2.6.tgz",
      "integrity": "sha512-ucI9VswlV9jOZiIh43Nd0tJ4Z8pfXy3PbQ9cB6Re1gPds8gLbOdmB0l3UkVI2crZjnQB95bhyNZVEDH8DgglYA==",
      "requires": {
        "@types/lodash": "*"
      }
    }
  }
}
